<?xml version="1.0" encoding="utf-8"?>
<Project ToolsVersion="4.0" xmlns="http://schemas.microsoft.com/developer/msbuild/2003">
  <ItemGroup>
    <Filter Include="Source Files">
      <UniqueIdentifier>{4FC737F1-C7A5-4376-A066-2A32D752A2FF}</UniqueIdentifier>
      <Extensions>cpp;c;cc;cxx;c++;cppm;ixx;def;odl;idl;hpj;bat;asm;asmx</Extensions>
    </Filter>
    <Filter Include="Header Files">
      <UniqueIdentifier>{93995380-89BD-4b04-88EB-625FBE52EBFB}</UniqueIdentifier>
      <Extensions>h;hh;hpp;hxx;h++;hm;inl;inc;ipp;xsd</Extensions>
    </Filter>
    <Filter Include="Resource Files">
      <UniqueIdentifier>{67DA6AB6-F800-4c08-8B7A-83BB121AAD01}</UniqueIdentifier>
      <Extensions>rc;ico;cur;bmp;dlg;rc2;rct;bin;rgs;gif;jpg;jpeg;jpe;resx;tiff;tif;png;wav;mfcribbon-ms</Extensions>
    </Filter>
  </ItemGroup>
  <ItemGroup>
    <ClCompile Include="src\core\debug\debug_draw.c">
      <Filter>Source Files</Filter>
    </ClCompile>
    <ClCompile Include="src\core\debug\debug_timer.c">
      <Filter>Source Files</Filter>
    </ClCompile>
    <ClCompile Include="src\core\types\framebuffer.c">
      <Filter>Source Files</Filter>
    </ClCompile>
    <ClCompile Include="src\core\types\material.c">
      <Filter>Source Files</Filter>
    </ClCompile>
    <ClCompile Include="src\core\types\mesh.c">
      <Filter>Source Files</Filter>
    </ClCompile>
    <ClCompile Include="src\core\types\shader.c">
      <Filter>Source Files</Filter>
    </ClCompile>
    <ClCompile Include="src\core\types\texture.c">
      <Filter>Source Files</Filter>
    </ClCompile>
    <ClCompile Include="src\core\camera.c">
      <Filter>Source Files</Filter>
    </ClCompile>
    <ClCompile Include="src\core\glad.c">
      <Filter>Source Files</Filter>
    </ClCompile>
    <ClCompile Include="src\core\input.c">
      <Filter>Source Files</Filter>
    </ClCompile>
    <ClCompile Include="src\core\program.c">
      <Filter>Source Files</Filter>
    </ClCompile>
    <ClCompile Include="src\core\state.c">
      <Filter>Source Files</Filter>
    </ClCompile>
    <ClCompile Include="src\core\terrain.c">
      <Filter>Source Files</Filter>
    </ClCompile>
    <ClCompile Include="src\core\window.c">
      <Filter>Source Files</Filter>
    </ClCompile>
    <ClCompile Include="src\data\entity_template.c">
      <Filter>Source Files</Filter>
    </ClCompile>
    <ClCompile Include="src\data\material_template.c">
      <Filter>Source Files</Filter>
    </ClCompile>
    <ClCompile Include="src\data\shader_template.c">
      <Filter>Source Files</Filter>
    </ClCompile>
    <ClCompile Include="src\data\test_comp.c">
      <Filter>Source Files</Filter>
    </ClCompile>
    <ClCompile Include="src\editor\gizmo.c">
      <Filter>Source Files</Filter>
    </ClCompile>
    <ClCompile Include="src\editor\gui.c">
      <Filter>Source Files</Filter>
    </ClCompile>
    <ClCompile Include="external\ufbx\ufbx.c">
      <Filter>Source Files</Filter>
    </ClCompile>
    <ClCompile Include="external\zip\zip.c">
      <Filter>Source Files</Filter>
    </ClCompile>
    <ClCompile Include="src\phys\phys_dynamics.c">
      <Filter>Source Files</Filter>
    </ClCompile>
    <ClCompile Include="src\phys\phys_world.c">
      <Filter>Source Files</Filter>
    </ClCompile>
    <ClCompile Include="src\editor\terrain_edit.c">
      <Filter>Source Files</Filter>
    </ClCompile>
    <ClCompile Include="src\core\core_data.c">
      <Filter>Source Files</Filter>
    </ClCompile>
    <ClCompile Include="src\phys\phys_response.c">
      <Filter>Source Files</Filter>
    </ClCompile>
    <ClCompile Include="src\phys\phys_collision.c">
      <Filter>Source Files</Filter>
    </ClCompile>
    <ClCompile Include="src\phys\phys_debug_draw.c">
      <Filter>Source Files</Filter>
    </ClCompile>
    <ClCompile Include="src\phys\phys_resolution.c">
      <Filter>Source Files</Filter>
    </ClCompile>
    <ClCompile Include="src\core\event_sys.c">
      <Filter>Source Files</Filter>
    </ClCompile>
    <ClCompile Include="src\core\renderer\renderer_extra.c">
      <Filter>Source Files</Filter>
    </ClCompile>
    <ClCompile Include="src\core\renderer\renderer.c">
      <Filter>Source Files</Filter>
    </ClCompile>
    <ClCompile Include="src\core\renderer\renderer_direct.c">
      <Filter>Source Files</Filter>
    </ClCompile>
    <ClCompile Include="src\core\io\asset_io.c">
      <Filter>Source Files</Filter>
    </ClCompile>
    <ClCompile Include="src\core\io\assetm.c">
      <Filter>Source Files</Filter>
    </ClCompile>
    <ClCompile Include="src\core\io\save_sys.c">
      <Filter>Source Files</Filter>
    </ClCompile>
    <ClCompile Include="src\editor\app.c">
      <Filter>Source Files</Filter>
    </ClCompile>
    <ClCompile Include="src\core\io\file_io.c">
      <Filter>Source Files</Filter>
    </ClCompile>
    <ClCompile Include="src\core\types\cubemap.c">
      <Filter>Source Files</Filter>
    </ClCompile>
    <ClCompile Include="src\serialization\serialization.c">
      <Filter>Source Files</Filter>
    </ClCompile>
  </ItemGroup>
  <ItemGroup>
    <ClInclude Include="src\core\debug\debug_draw.h">
      <Filter>Header Files</Filter>
    </ClInclude>
    <ClInclude Include="src\core\debug\debug_timer.h">
      <Filter>Header Files</Filter>
    </ClInclude>
    <ClInclude Include="src\core\types\framebuffer.h">
      <Filter>Header Files</Filter>
    </ClInclude>
    <ClInclude Include="src\core\types\material.h">
      <Filter>Header Files</Filter>
    </ClInclude>
    <ClInclude Include="src\core\types\mesh.h">
      <Filter>Header Files</Filter>
    </ClInclude>
    <ClInclude Include="src\core\types\shader.h">
      <Filter>Header Files</Filter>
    </ClInclude>
    <ClInclude Include="src\core\types\texture.h">
      <Filter>Header Files</Filter>
    </ClInclude>
    <ClInclude Include="src\core\types\types.h">
      <Filter>Header Files</Filter>
    </ClInclude>
    <ClInclude Include="src\core\camera.h">
      <Filter>Header Files</Filter>
    </ClInclude>
    <ClInclude Include="src\core\core_data.h">
      <Filter>Header Files</Filter>
    </ClInclude>
    <ClInclude Include="src\core\input.h">
      <Filter>Header Files</Filter>
    </ClInclude>
    <ClInclude Include="src\core\program.h">
      <Filter>Header Files</Filter>
    </ClInclude>
    <ClInclude Include="src\core\state.h">
      <Filter>Header Files</Filter>
    </ClInclude>
    <ClInclude Include="src\core\str_util.h">
      <Filter>Header Files</Filter>
    </ClInclude>
    <ClInclude Include="src\core\terrain.h">
      <Filter>Header Files</Filter>
    </ClInclude>
    <ClInclude Include="src\core\window.h">
      <Filter>Header Files</Filter>
    </ClInclude>
    <ClInclude Include="src\data\entity_template.h">
      <Filter>Header Files</Filter>
    </ClInclude>
    <ClInclude Include="src\data\material_template.h">
      <Filter>Header Files</Filter>
    </ClInclude>
    <ClInclude Include="src\data\shader_template.h">
      <Filter>Header Files</Filter>
    </ClInclude>
    <ClInclude Include="src\data\test_comp.h">
      <Filter>Header Files</Filter>
    </ClInclude>
    <ClInclude Include="src\editor\app.h">
      <Filter>Header Files</Filter>
    </ClInclude>
    <ClInclude Include="src\editor\gizmo.h">
      <Filter>Header Files</Filter>
    </ClInclude>
    <ClInclude Include="src\editor\gui.h">
      <Filter>Header Files</Filter>
    </ClInclude>
    <ClInclude Include="src\global\global.h">
      <Filter>Header Files</Filter>
    </ClInclude>
    <ClInclude Include="src\math\math_color.h">
      <Filter>Header Files</Filter>
    </ClInclude>
    <ClInclude Include="src\math\math_inc.h">
      <Filter>Header Files</Filter>
    </ClInclude>
    <ClInclude Include="src\math\math_ivec2.h">
      <Filter>Header Files</Filter>
    </ClInclude>
    <ClInclude Include="src\math\math_m.h">
      <Filter>Header Files</Filter>
    </ClInclude>
    <ClInclude Include="src\math\math_mat4.h">
      <Filter>Header Files</Filter>
    </ClInclude>
    <ClInclude Include="src\math\math_rand.h">
      <Filter>Header Files</Filter>
    </ClInclude>
    <ClInclude Include="src\math\math_space.h">
      <Filter>Header Files</Filter>
    </ClInclude>
    <ClInclude Include="src\math\math_vec2.h">
      <Filter>Header Files</Filter>
    </ClInclude>
    <ClInclude Include="src\math\math_vec3.h">
      <Filter>Header Files</Filter>
    </ClInclude>
    <ClInclude Include="src\math\math_vec4.h">
      <Filter>Header Files</Filter>
    </ClInclude>
    <ClInclude Include="external\ufbx\ufbx.h">
      <Filter>Header Files</Filter>
    </ClInclude>
    <ClInclude Include="external\zip\zip.h">
      <Filter>Header Files</Filter>
    </ClInclude>
    <ClInclude Include="external\zip\miniz.h">
      <Filter>Header Files</Filter>
    </ClInclude>
    <ClInclude Include="src\phys\phys_dynamics.h">
      <Filter>Header Files</Filter>
    </ClInclude>
    <ClInclude Include="src\phys\phys_types.h">
      <Filter>Header Files</Filter>
    </ClInclude>
    <ClInclude Include="src\phys\phys_world.h">
      <Filter>Header Files</Filter>
    </ClInclude>
    <ClInclude Include="src\editor\terrain_edit.h">
      <Filter>Header Files</Filter>
    </ClInclude>
    <ClInclude Include="src\phys\phys_response.h">
      <Filter>Header Files</Filter>
    </ClInclude>
    <ClInclude Include="src\phys\phys_collision.h">
      <Filter>Header Files</Filter>
    </ClInclude>
    <ClInclude Include="src\phys\phys_debug_draw.h">
      <Filter>Header Files</Filter>
    </ClInclude>
    <ClInclude Include="src\phys\phys_resolution.h">
      <Filter>Header Files</Filter>
    </ClInclude>
    <ClInclude Include="src\core\event_sys.h">
      <Filter>Header Files</Filter>
    </ClInclude>
    <ClInclude Include="src\core\io\asset_io.h">
      <Filter>Header Files</Filter>
    </ClInclude>
    <ClInclude Include="src\core\io\file_io.h">
      <Filter>Header Files</Filter>
    </ClInclude>
    <ClInclude Include="src\core\io\assetm.h">
      <Filter>Header Files</Filter>
    </ClInclude>
    <ClInclude Include="src\core\renderer\renderer_extra.h">
      <Filter>Header Files</Filter>
    </ClInclude>
    <ClInclude Include="src\core\renderer\renderer_direct.h">
      <Filter>Header Files</Filter>
    </ClInclude>
    <ClInclude Include="src\core\renderer\renderer.h">
      <Filter>Header Files</Filter>
    </ClInclude>
    <ClInclude Include="src\core\io\save_sys.h">
      <Filter>Header Files</Filter>
    </ClInclude>
    <ClInclude Include="src\core\types\cubemap.h">
      <Filter>Header Files</Filter>
    </ClInclude>
    <ClInclude Include="src\serialization\serialization.h">
      <Filter>Header Files</Filter>
    </ClInclude>
  </ItemGroup>
  <ItemGroup>
    <None Include="src\core\types\material_old.zip" />
    <None Include="src\core\terrain_old.zip" />
  </ItemGroup>
</Project>